
Microsoft Visual Studio Solution File, Format Version 12.00
# Visual Studio Version 16
VisualStudioVersion = 16.0.30011.22
MinimumVisualStudioVersion = 10.0.40219.1
Project("{9A19103F-16F7-4668-BE54-9A1E7A4F7556}") = "Api", "Api\Api.csproj", "{B83D2641-6EEB-4983-A106-39789C053FD0}"
EndProject
Project("{FAE04EC0-301F-11D3-BF4B-00C04F79EFBC}") = "Core", "Core\Core.csproj", "{3391C362-99AE-4540-9A45-207F060D9477}"
EndProject
Project("{FAE04EC0-301F-11D3-BF4B-00C04F79EFBC}") = "InfrastructureMongoDB", "InfrastructureMongoDB\InfrastructureMongoDB.csproj", "{B496923B-A17C-4F9B-84DD-39048FEAC1DF}"
EndProject
Project("{FAE04EC0-301F-11D3-BF4B-00C04F79EFBC}") = "InfrastructurePostgreSQL", "InfrastructurePostgreSQL\InfrastructurePostgreSQL.csproj", "{261A6D8A-27ED-4361-B708-5E2DEE04913C}"
EndProject
Project("{FAE04EC0-301F-11D3-BF4B-00C04F79EFBC}") = "InfrastructureSQL", "InfrastructureSQL\InfrastructureSQL.csproj", "{746E65DA-F8C9-432A-A866-7162DC7AC38C}"
EndProject
Global
	GlobalSection(SolutionConfigurationPlatforms) = preSolution
		Debug|Any CPU = Debug|Any CPU
		Release|Any CPU = Release|Any CPU
	EndGlobalSection
	GlobalSection(ProjectConfigurationPlatforms) = postSolution
		{B83D2641-6EEB-4983-A106-39789C053FD0}.Debug|Any CPU.ActiveCfg = Debug|Any CPU
		{B83D2641-6EEB-4983-A106-39789C053FD0}.Debug|Any CPU.Build.0 = Debug|Any CPU
		{B83D2641-6EEB-4983-A106-39789C053FD0}.Release|Any CPU.ActiveCfg = Release|Any CPU
		{B83D2641-6EEB-4983-A106-39789C053FD0}.Release|Any CPU.Build.0 = Release|Any CPU
		{3391C362-99AE-4540-9A45-207F060D9477}.Debug|Any CPU.ActiveCfg = Debug|Any CPU
		{3391C362-99AE-4540-9A45-207F060D9477}.Debug|Any CPU.Build.0 = Debug|Any CPU
		{3391C362-99AE-4540-9A45-207F060D9477}.Release|Any CPU.ActiveCfg = Release|Any CPU
		{3391C362-99AE-4540-9A45-207F060D9477}.Release|Any CPU.Build.0 = Release|Any CPU
		{B496923B-A17C-4F9B-84DD-39048FEAC1DF}.Debug|Any CPU.ActiveCfg = Debug|Any CPU
		{B496923B-A17C-4F9B-84DD-39048FEAC1DF}.Debug|Any CPU.Build.0 = Debug|Any CPU
		{B496923B-A17C-4F9B-84DD-39048FEAC1DF}.Release|Any CPU.ActiveCfg = Release|Any CPU
		{B496923B-A17C-4F9B-84DD-39048FEAC1DF}.Release|Any CPU.Build.0 = Release|Any CPU
		{261A6D8A-27ED-4361-B708-5E2DEE04913C}.Debug|Any CPU.ActiveCfg = Debug|Any CPU
		{261A6D8A-27ED-4361-B708-5E2DEE04913C}.Debug|Any CPU.Build.0 = Debug|Any CPU
		{261A6D8A-27ED-4361-B708-5E2DEE04913C}.Release|Any CPU.ActiveCfg = Release|Any CPU
		{261A6D8A-27ED-4361-B708-5E2DEE04913C}.Release|Any CPU.Build.0 = Release|Any CPU
		{746E65DA-F8C9-432A-A866-7162DC7AC38C}.Debug|Any CPU.ActiveCfg = Debug|Any CPU
		{746E65DA-F8C9-432A-A866-7162DC7AC38C}.Debug|Any CPU.Build.0 = Debug|Any CPU
		{746E65DA-F8C9-432A-A866-7162DC7AC38C}.Release|Any CPU.ActiveCfg = Release|Any CPU
		{746E65DA-F8C9-432A-A866-7162DC7AC38C}.Release|Any CPU.Build.0 = Release|Any CPU
	EndGlobalSection
	GlobalSection(SolutionProperties) = preSolution
		HideSolutionNode = FALSE
	EndGlobalSection
	GlobalSection(ExtensibilityGlobals) = postSolution
		SolutionGuid = {542E1291-BEE8-4A67-9B58-96432BE3FEFF}
	EndGlobalSection
EndGlobal
